
Microsoft Visual Studio Solution File, Format Version 12.00
# Visual Studio Version 17
VisualStudioVersion = 17.5.002.0
MinimumVisualStudioVersion = 10.0.40219.1
Project("{9A19103F-16F7-4668-BE54-9A1E7A4F7556}") = "CollegeManager", "CollegeManager.csproj", "{56CE83A7-1AE9-47BD-A44F-222426F1A0D2}"
EndProject
Project("{FAE04EC0-301F-11D3-BF4B-00C04F79EFBC}") = "CollegeManagerWithAuth", "..\CollegeManagerWithAuth\CollegeManagerWithAuth.csproj", "{D6E12A08-5730-4FAB-ACF5-EE10A6ABFF98}"
EndProject
Global
	GlobalSection(SolutionConfigurationPlatforms) = preSolution
		Debug|Any CPU = Debug|Any CPU
		Release|Any CPU = Release|Any CPU
	EndGlobalSection
	GlobalSection(ProjectConfigurationPlatforms) = postSolution
		{56CE83A7-1AE9-47BD-A44F-222426F1A0D2}.Debug|Any CPU.ActiveCfg = Debug|Any CPU
		{56CE83A7-1AE9-47BD-A44F-222426F1A0D2}.Debug|Any CPU.Build.0 = Debug|Any CPU
		{56CE83A7-1AE9-47BD-A44F-222426F1A0D2}.Release|Any CPU.ActiveCfg = Release|Any CPU
		{56CE83A7-1AE9-47BD-A44F-222426F1A0D2}.Release|Any CPU.Build.0 = Release|Any CPU
		{D6E12A08-5730-4FAB-ACF5-EE10A6ABFF98}.Debug|Any CPU.ActiveCfg = Debug|Any CPU
		{D6E12A08-5730-4FAB-ACF5-EE10A6ABFF98}.Debug|Any CPU.Build.0 = Debug|Any CPU
		{D6E12A08-5730-4FAB-ACF5-EE10A6ABFF98}.Release|Any CPU.ActiveCfg = Release|Any CPU
		{D6E12A08-5730-4FAB-ACF5-EE10A6ABFF98}.Release|Any CPU.Build.0 = Release|Any CPU
	EndGlobalSection
	GlobalSection(SolutionProperties) = preSolution
		HideSolutionNode = FALSE
	EndGlobalSection
	GlobalSection(ExtensibilityGlobals) = postSolution
		SolutionGuid = {ACF5F168-F407-45AB-92DE-2CB95419F7F2}
	EndGlobalSection
EndGlobal
